
Microsoft Visual Studio Solution File, Format Version 12.00
# Visual Studio Version 17
VisualStudioVersion = 17.7.34031.279
MinimumVisualStudioVersion = 10.0.40219.1
Project("{FAE04EC0-301F-11D3-BF4B-00C04F79EFBC}") = "AutoFact", "AutoFact\AutoFact.csproj", "{8A3D02F7-6108-4BDB-AD43-DFC8C00ED593}"
EndProject
Global
	GlobalSection(SolutionConfigurationPlatforms) = preSolution
		Debug|Any CPU = Debug|Any CPU
		Release|Any CPU = Release|Any CPU
	EndGlobalSection
	GlobalSection(ProjectConfigurationPlatforms) = postSolution
		{8A3D02F7-6108-4BDB-AD43-DFC8C00ED593}.Debug|Any CPU.ActiveCfg = Debug|Any CPU
		{8A3D02F7-6108-4BDB-AD43-DFC8C00ED593}.Debug|Any CPU.Build.0 = Debug|Any CPU
		{8A3D02F7-6108-4BDB-AD43-DFC8C00ED593}.Release|Any CPU.ActiveCfg = Release|Any CPU
		{8A3D02F7-6108-4BDB-AD43-DFC8C00ED593}.Release|Any CPU.Build.0 = Release|Any CPU
	EndGlobalSection
	GlobalSection(SolutionProperties) = preSolution
		HideSolutionNode = FALSE
	EndGlobalSection
	GlobalSection(ExtensibilityGlobals) = postSolution
		SolutionGuid = {732A63FC-B0B4-4DA2-9D2F-7ECEBE57293B}
	EndGlobalSection
EndGlobal
